<?xml version="1.0" encoding="utf-8"?>
<Project ToolsVersion="4.0" xmlns="http://schemas.microsoft.com/developer/msbuild/2003">
  <ItemGroup>
    <Filter Include="Source Files">
      <UniqueIdentifier>{4FC737F1-C7A5-4376-A066-2A32D752A2FF}</UniqueIdentifier>
      <Extensions>cpp;c;cc;cxx;c++;cppm;ixx;def;odl;idl;hpj;bat;asm;asmx</Extensions>
    </Filter>
    <Filter Include="Header Files">
      <UniqueIdentifier>{93995380-89BD-4b04-88EB-625FBE52EBFB}</UniqueIdentifier>
      <Extensions>h;hh;hpp;hxx;h++;hm;inl;inc;ipp;xsd</Extensions>
    </Filter>
    <Filter Include="Resource Files">
      <UniqueIdentifier>{67DA6AB6-F800-4c08-8B7A-83BB121AAD01}</UniqueIdentifier>
      <Extensions>rc;ico;cur;bmp;dlg;rc2;rct;bin;rgs;gif;jpg;jpeg;jpe;resx;tiff;tif;png;wav;mfcribbon-ms</Extensions>
    </Filter>
  </ItemGroup>
  <ItemGroup>
    <ClCompile Include="ECSEngine.cpp">
      <Filter>Source Files</Filter>
    </ClCompile>
    <ClCompile Include="src\Core\Shader.cpp">
      <Filter>Source Files</Filter>
    </ClCompile>
    <ClCompile Include="Application.cpp">
      <Filter>Source Files</Filter>
    </ClCompile>
    <ClCompile Include="src\Components\TransformComponent.cpp">
      <Filter>Source Files</Filter>
    </ClCompile>
    <ClCompile Include="src\Core\GameObject.cpp">
      <Filter>Source Files</Filter>
    </ClCompile>
    <ClCompile Include="src\Components\MeshComponent.cpp">
      <Filter>Source Files</Filter>
    </ClCompile>
    <ClCompile Include="src\Components\Camera3DComponent.cpp">
      <Filter>Source Files</Filter>
    </ClCompile>
    <ClCompile Include="src\Core\Mesh.cpp">
      <Filter>Source Files</Filter>
    </ClCompile>
    <ClCompile Include="src\Input\InputManager.cpp">
      <Filter>Source Files</Filter>
    </ClCompile>
    <ClCompile Include="src\Core\stb_image_implementation.cpp">
      <Filter>Source Files</Filter>
    </ClCompile>
    <ClCompile Include="src\Core\Texture.cpp">
      <Filter>Source Files</Filter>
    </ClCompile>
    <ClCompile Include="src\Components\RenderComponent.cpp">
      <Filter>Source Files</Filter>
    </ClCompile>
    <ClCompile Include="src\Core\FontRenderer.cpp">
      <Filter>Source Files</Filter>
    </ClCompile>
    <ClCompile Include="src\Core\Scene.cpp">
      <Filter>Source Files</Filter>
    </ClCompile>
    <ClCompile Include="src\Core\TowerGameScene.cpp">
      <Filter>Source Files</Filter>
    </ClCompile>
    <ClCompile Include="src\Core\AssetManager.cpp">
      <Filter>Source Files</Filter>
    </ClCompile>
    <ClCompile Include="src\Core\MicrowaveGameScene.cpp">
      <Filter>Source Files</Filter>
    </ClCompile>
    <ClCompile Include="src\Components\Camera2DComponent.cpp">
      <Filter>Source Files</Filter>
    </ClCompile>
    <ClCompile Include="src\Components\CameraBaseComponent.cpp">
      <Filter>Source Files</Filter>
    </ClCompile>
    <ClCompile Include="src\Core\Microwave.cpp">
      <Filter>Source Files</Filter>
    </ClCompile>
    <ClCompile Include="src\Components\ClickableComponent.cpp">
      <Filter>Source Files</Filter>
    </ClCompile>
    <ClCompile Include="src\Core\PickingManage.cpp">
      <Filter>Source Files</Filter>
    </ClCompile>
  </ItemGroup>
  <ItemGroup>
    <None Include="packages.config" />
    <None Include="config\settings.json" />
    <None Include="res\shaders\text.vert" />
    <None Include="res\shaders\basic.frag" />
    <None Include="res\shaders\basic.vert" />
    <None Include="res\shaders\text.frag" />
    <None Include="res\textures\kitchenBackground" />
  </ItemGroup>
  <ItemGroup>
    <Image Include="res\textures\wall.png">
      <Filter>Resource Files</Filter>
    </Image>
    <Image Include="res\textures\grass.png">
      <Filter>Resource Files</Filter>
    </Image>
    <Image Include="res\textures\pizza.png">
      <Filter>Resource Files</Filter>
    </Image>
    <Image Include="res\textures\kitchenCounter.png">
      <Filter>Resource Files</Filter>
    </Image>
  </ItemGroup>
  <ItemGroup>
    <Media Include="res\textures\wave.mp4" />
    <Media Include="res\textures\chanelussy.mp4" />
    <Media Include="res\textures\chanel.mp4" />
  </ItemGroup>
  <ItemGroup>
    <Font Include="res\fonts\slick.ttf" />
    <Font Include="res\fonts\ARIAL.TTF" />
    <Font Include="res\fonts\Arimo-Regular.ttf" />
    <Font Include="res\fonts\Roboto-Regular.ttf" />
  </ItemGroup>
  <ItemGroup>
    <ClInclude Include="src\Core\Shader.h">
      <Filter>Header Files</Filter>
    </ClInclude>
    <ClInclude Include="Application.h">
      <Filter>Header Files</Filter>
    </ClInclude>
    <ClInclude Include="src\IComponent.h">
      <Filter>Header Files</Filter>
    </ClInclude>
    <ClInclude Include="src\Components\TransformComponent.h">
      <Filter>Header Files</Filter>
    </ClInclude>
    <ClInclude Include="src\Core\Component.h">
      <Filter>Header Files</Filter>
    </ClInclude>
    <ClInclude Include="src\Components\MeshComponent.h">
      <Filter>Header Files</Filter>
    </ClInclude>
    <ClInclude Include="src\Components\Camera3DComponent.h">
      <Filter>Header Files</Filter>
    </ClInclude>
    <ClInclude Include="src\Core\Mesh.h">
      <Filter>Header Files</Filter>
    </ClInclude>
    <ClInclude Include="src\Input\InputManager.h">
      <Filter>Header Files</Filter>
    </ClInclude>
    <ClInclude Include="src\Core\Texture.h">
      <Filter>Header Files</Filter>
    </ClInclude>
    <ClInclude Include="src\Components\RenderComponent.h">
      <Filter>Header Files</Filter>
    </ClInclude>
    <ClInclude Include="src\Core\FontRenderer.h">
      <Filter>Header Files</Filter>
    </ClInclude>
    <ClInclude Include="src\Core\Scene.h">
      <Filter>Header Files</Filter>
    </ClInclude>
    <ClInclude Include="src\Core\TowerGameScene.h">
      <Filter>Header Files</Filter>
    </ClInclude>
    <ClInclude Include="src\Core\GameObject.h">
      <Filter>Header Files</Filter>
    </ClInclude>
    <ClInclude Include="src\Core\AssetManager.h">
      <Filter>Header Files</Filter>
    </ClInclude>
    <ClInclude Include="src\Core\MicrowaveGameScene.h">
      <Filter>Header Files</Filter>
    </ClInclude>
    <ClInclude Include="src\Components\Camera2DComponent.h">
      <Filter>Header Files</Filter>
    </ClInclude>
    <ClInclude Include="src\Components\CameraBaseComponent.h">
      <Filter>Header Files</Filter>
    </ClInclude>
    <ClInclude Include="src\Core\Microwave.h">
      <Filter>Header Files</Filter>
    </ClInclude>
    <ClInclude Include="src\Components\ClickableComponent.h">
      <Filter>Header Files</Filter>
    </ClInclude>
    <ClInclude Include="src\Core\PickingManager.h">
      <Filter>Header Files</Filter>
    </ClInclude>
  </ItemGroup>
</Project>